// !$*UTF8*$!
{
	archiveVersion = 1;
	classes = {
	};
	objectVersion = 48;
	objects = {

/* Begin PBXBuildFile section */
		DC0E240B21689DD8003E799C /* AppDelegate.swift in Sources */ = {isa = PBXBuildFile; fileRef = DC0E240A21689DD8003E799C /* AppDelegate.swift */; };
		DC0E240D21689DD8003E799C /* ViewController.swift in Sources */ = {isa = PBXBuildFile; fileRef = DC0E240C21689DD8003E799C /* ViewController.swift */; };
		DC0E241021689DD8003E799C /* Main.storyboard in Resources */ = {isa = PBXBuildFile; fileRef = DC0E240E21689DD8003E799C /* Main.storyboard */; };
		DC0E241221689DD8003E799C /* Assets.xcassets in Resources */ = {isa = PBXBuildFile; fileRef = DC0E241121689DD8003E799C /* Assets.xcassets */; };
		DC0E241521689DD8003E799C /* LaunchScreen.storyboard in Resources */ = {isa = PBXBuildFile; fileRef = DC0E241321689DD8003E799C /* LaunchScreen.storyboard */; };
		DC0E242021689DD8003E799C /* CardTransitionTests.swift in Sources */ = {isa = PBXBuildFile; fileRef = DC0E241F21689DD8003E799C /* CardTransitionTests.swift */; };
		DC0E242B21689DD8003E799C /* CardTransitionUITests.swift in Sources */ = {isa = PBXBuildFile; fileRef = DC0E242A21689DD8003E799C /* CardTransitionUITests.swift */; };
		DC0E243F2168A4C8003E799C /* AnimatableStatusBarViewController.swift in Sources */ = {isa = PBXBuildFile; fileRef = DC0E243D2168A4C8003E799C /* AnimatableStatusBarViewController.swift */; };
		DC0E24402168A4C8003E799C /* CardToDetailTransitionManager.swift in Sources */ = {isa = PBXBuildFile; fileRef = DC0E243E2168A4C8003E799C /* CardToDetailTransitionManager.swift */; };
		DC0E24422168A4D0003E799C /* Extensions.swift in Sources */ = {isa = PBXBuildFile; fileRef = DC0E24412168A4D0003E799C /* Extensions.swift */; };
		DC0E24462168AA2D003E799C /* CardContentView.swift in Sources */ = {isa = PBXBuildFile; fileRef = DC0E24442168AA2D003E799C /* CardContentView.swift */; };
		DC0E24472168AA2D003E799C /* CardContentView.xib in Resources */ = {isa = PBXBuildFile; fileRef = DC0E24452168AA2D003E799C /* CardContentView.xib */; };
		DC0E244B2168AB10003E799C /* CTDetailItemVC.swift in Sources */ = {isa = PBXBuildFile; fileRef = DC0E244A2168AB10003E799C /* CTDetailItemVC.swift */; };
		DC0E244D2168AB1C003E799C /* CTMainVC.swift in Sources */ = {isa = PBXBuildFile; fileRef = DC0E244C2168AB1C003E799C /* CTMainVC.swift */; };
		DC0E24502168ABD3003E799C /* CardCollectionViewCellViewModel.swift in Sources */ = {isa = PBXBuildFile; fileRef = DC0E244F2168ABD3003E799C /* CardCollectionViewCellViewModel.swift */; };
		DC0E24532168ADBA003E799C /* CTMainCell.swift in Sources */ = {isa = PBXBuildFile; fileRef = DC0E24522168ADBA003E799C /* CTMainCell.swift */; };
		DC0E24552168BA09003E799C /* monument-valley.png in Resources */ = {isa = PBXBuildFile; fileRef = DC0E24542168BA09003E799C /* monument-valley.png */; };
/* End PBXBuildFile section */

/* Begin PBXContainerItemProxy section */
		DC0E241C21689DD8003E799C /* PBXContainerItemProxy */ = {
			isa = PBXContainerItemProxy;
			containerPortal = DC0E23FF21689DD8003E799C /* Project object */;
			proxyType = 1;
			remoteGlobalIDString = DC0E240621689DD8003E799C;
			remoteInfo = CardTransition;
		};
		DC0E242721689DD8003E799C /* PBXContainerItemProxy */ = {
			isa = PBXContainerItemProxy;
			containerPortal = DC0E23FF21689DD8003E799C /* Project object */;
			proxyType = 1;
			remoteGlobalIDString = DC0E240621689DD8003E799C;
			remoteInfo = CardTransition;
		};
/* End PBXContainerItemProxy section */

/* Begin PBXFileReference section */
		DC0E240721689DD8003E799C /* CardTransition.app */ = {isa = PBXFileReference; explicitFileType = wrapper.application; includeInIndex = 0; path = CardTransition.app; sourceTree = BUILT_PRODUCTS_DIR; };
		DC0E240A21689DD8003E799C /* AppDelegate.swift */ = {isa = PBXFileReference; lastKnownFileType = sourcecode.swift; path = AppDelegate.swift; sourceTree = "<group>"; };
		DC0E240C21689DD8003E799C /* ViewController.swift */ = {isa = PBXFileReference; lastKnownFileType = sourcecode.swift; path = ViewController.swift; sourceTree = "<group>"; };
		DC0E240F21689DD8003E799C /* Base */ = {isa = PBXFileReference; lastKnownFileType = file.storyboard; name = Base; path = Base.lproj/Main.storyboard; sourceTree = "<group>"; };
		DC0E241121689DD8003E799C /* Assets.xcassets */ = {isa = PBXFileReference; lastKnownFileType = folder.assetcatalog; path = Assets.xcassets; sourceTree = "<group>"; };
		DC0E241421689DD8003E799C /* Base */ = {isa = PBXFileReference; lastKnownFileType = file.storyboard; name = Base; path = Base.lproj/LaunchScreen.storyboard; sourceTree = "<group>"; };
		DC0E241621689DD8003E799C /* Info.plist */ = {isa = PBXFileReference; lastKnownFileType = text.plist.xml; path = Info.plist; sourceTree = "<group>"; };
		DC0E241B21689DD8003E799C /* CardTransitionTests.xctest */ = {isa = PBXFileReference; explicitFileType = wrapper.cfbundle; includeInIndex = 0; path = CardTransitionTests.xctest; sourceTree = BUILT_PRODUCTS_DIR; };
		DC0E241F21689DD8003E799C /* CardTransitionTests.swift */ = {isa = PBXFileReference; lastKnownFileType = sourcecode.swift; path = CardTransitionTests.swift; sourceTree = "<group>"; };
		DC0E242121689DD8003E799C /* Info.plist */ = {isa = PBXFileReference; lastKnownFileType = text.plist.xml; path = Info.plist; sourceTree = "<group>"; };
		DC0E242621689DD8003E799C /* CardTransitionUITests.xctest */ = {isa = PBXFileReference; explicitFileType = wrapper.cfbundle; includeInIndex = 0; path = CardTransitionUITests.xctest; sourceTree = BUILT_PRODUCTS_DIR; };
		DC0E242A21689DD8003E799C /* CardTransitionUITests.swift */ = {isa = PBXFileReference; lastKnownFileType = sourcecode.swift; path = CardTransitionUITests.swift; sourceTree = "<group>"; };
		DC0E242C21689DD8003E799C /* Info.plist */ = {isa = PBXFileReference; lastKnownFileType = text.plist.xml; path = Info.plist; sourceTree = "<group>"; };
		DC0E243D2168A4C8003E799C /* AnimatableStatusBarViewController.swift */ = {isa = PBXFileReference; fileEncoding = 4; lastKnownFileType = sourcecode.swift; path = AnimatableStatusBarViewController.swift; sourceTree = "<group>"; };
		DC0E243E2168A4C8003E799C /* CardToDetailTransitionManager.swift */ = {isa = PBXFileReference; fileEncoding = 4; lastKnownFileType = sourcecode.swift; path = CardToDetailTransitionManager.swift; sourceTree = "<group>"; };
		DC0E24412168A4D0003E799C /* Extensions.swift */ = {isa = PBXFileReference; fileEncoding = 4; lastKnownFileType = sourcecode.swift; path = Extensions.swift; sourceTree = "<group>"; };
		DC0E24442168AA2D003E799C /* CardContentView.swift */ = {isa = PBXFileReference; fileEncoding = 4; lastKnownFileType = sourcecode.swift; path = CardContentView.swift; sourceTree = "<group>"; };
		DC0E24452168AA2D003E799C /* CardContentView.xib */ = {isa = PBXFileReference; fileEncoding = 4; lastKnownFileType = file.xib; path = CardContentView.xib; sourceTree = "<group>"; };
		DC0E244A2168AB10003E799C /* CTDetailItemVC.swift */ = {isa = PBXFileReference; lastKnownFileType = sourcecode.swift; path = CTDetailItemVC.swift; sourceTree = "<group>"; };
		DC0E244C2168AB1C003E799C /* CTMainVC.swift */ = {isa = PBXFileReference; lastKnownFileType = sourcecode.swift; path = CTMainVC.swift; sourceTree = "<group>"; };
		DC0E244F2168ABD3003E799C /* CardCollectionViewCellViewModel.swift */ = {isa = PBXFileReference; fileEncoding = 4; lastKnownFileType = sourcecode.swift; path = CardCollectionViewCellViewModel.swift; sourceTree = "<group>"; };
		DC0E24522168ADBA003E799C /* CTMainCell.swift */ = {isa = PBXFileReference; lastKnownFileType = sourcecode.swift; path = CTMainCell.swift; sourceTree = "<group>"; };
		DC0E24542168BA09003E799C /* monument-valley.png */ = {isa = PBXFileReference; lastKnownFileType = image.png; path = "monument-valley.png"; sourceTree = "<group>"; };
/* End PBXFileReference section */

/* Begin PBXFrameworksBuildPhase section */
		DC0E240421689DD8003E799C /* Frameworks */ = {
			isa = PBXFrameworksBuildPhase;
			buildActionMask = 2147483647;
			files = (
			);
			runOnlyForDeploymentPostprocessing = 0;
		};
		DC0E241821689DD8003E799C /* Frameworks */ = {
			isa = PBXFrameworksBuildPhase;
			buildActionMask = 2147483647;
			files = (
			);
			runOnlyForDeploymentPostprocessing = 0;
		};
		DC0E242321689DD8003E799C /* Frameworks */ = {
			isa = PBXFrameworksBuildPhase;
			buildActionMask = 2147483647;
			files = (
			);
			runOnlyForDeploymentPostprocessing = 0;
		};
/* End PBXFrameworksBuildPhase section */

/* Begin PBXGroup section */
		DC0E23FE21689DD8003E799C = {
			isa = PBXGroup;
			children = (
				DC0E240921689DD8003E799C /* CardTransition */,
				DC0E241E21689DD8003E799C /* CardTransitionTests */,
				DC0E242921689DD8003E799C /* CardTransitionUITests */,
				DC0E240821689DD8003E799C /* Products */,
			);
			sourceTree = "<group>";
		};
		DC0E240821689DD8003E799C /* Products */ = {
			isa = PBXGroup;
			children = (
				DC0E240721689DD8003E799C /* CardTransition.app */,
				DC0E241B21689DD8003E799C /* CardTransitionTests.xctest */,
				DC0E242621689DD8003E799C /* CardTransitionUITests.xctest */,
			);
			name = Products;
			sourceTree = "<group>";
		};
		DC0E240921689DD8003E799C /* CardTransition */ = {
			isa = PBXGroup;
			children = (
				DC0E24542168BA09003E799C /* monument-valley.png */,
				DC0E244E2168ABD3003E799C /* CTModels */,
				DC0E243B2168A3E7003E799C /* CardTransitionResource */,
				DC0E243A2168A3E7003E799C /* CTExtensions */,
				DC0E243C2168A3E7003E799C /* CTViewControllers */,
				DC0E240A21689DD8003E799C /* AppDelegate.swift */,
				DC0E240C21689DD8003E799C /* ViewController.swift */,
				DC0E240E21689DD8003E799C /* Main.storyboard */,
				DC0E241121689DD8003E799C /* Assets.xcassets */,
				DC0E241321689DD8003E799C /* LaunchScreen.storyboard */,
				DC0E241621689DD8003E799C /* Info.plist */,
			);
			path = CardTransition;
			sourceTree = "<group>";
		};
		DC0E241E21689DD8003E799C /* CardTransitionTests */ = {
			isa = PBXGroup;
			children = (
				DC0E241F21689DD8003E799C /* CardTransitionTests.swift */,
				DC0E242121689DD8003E799C /* Info.plist */,
			);
			path = CardTransitionTests;
			sourceTree = "<group>";
		};
		DC0E242921689DD8003E799C /* CardTransitionUITests */ = {
			isa = PBXGroup;
			children = (
				DC0E242A21689DD8003E799C /* CardTransitionUITests.swift */,
				DC0E242C21689DD8003E799C /* Info.plist */,
			);
			path = CardTransitionUITests;
			sourceTree = "<group>";
		};
		DC0E243A2168A3E7003E799C /* CTExtensions */ = {
			isa = PBXGroup;
			children = (
				DC0E24412168A4D0003E799C /* Extensions.swift */,
			);
			path = CTExtensions;
			sourceTree = "<group>";
		};
		DC0E243B2168A3E7003E799C /* CardTransitionResource */ = {
			isa = PBXGroup;
			children = (
				DC0E24432168AA2D003E799C /* CTViews */,
				DC0E243D2168A4C8003E799C /* AnimatableStatusBarViewController.swift */,
				DC0E243E2168A4C8003E799C /* CardToDetailTransitionManager.swift */,
			);
			path = CardTransitionResource;
			sourceTree = "<group>";
		};
		DC0E243C2168A3E7003E799C /* CTViewControllers */ = {
			isa = PBXGroup;
			children = (
				DC0E24492168AAFC003E799C /* CTDetailItemVC */,
				DC0E24482168AAFC003E799C /* CTMainVC */,
			);
			path = CTViewControllers;
			sourceTree = "<group>";
		};
		DC0E24432168AA2D003E799C /* CTViews */ = {
			isa = PBXGroup;
			children = (
				DC0E24442168AA2D003E799C /* CardContentView.swift */,
				DC0E24452168AA2D003E799C /* CardContentView.xib */,
			);
			path = CTViews;
			sourceTree = "<group>";
		};
		DC0E24482168AAFC003E799C /* CTMainVC */ = {
			isa = PBXGroup;
			children = (
				DC0E24512168AD3A003E799C /* CTMainCell */,
				DC0E244C2168AB1C003E799C /* CTMainVC.swift */,
			);
			path = CTMainVC;
			sourceTree = "<group>";
		};
		DC0E24492168AAFC003E799C /* CTDetailItemVC */ = {
			isa = PBXGroup;
			children = (
				DC0E244A2168AB10003E799C /* CTDetailItemVC.swift */,
			);
			path = CTDetailItemVC;
			sourceTree = "<group>";
		};
		DC0E244E2168ABD3003E799C /* CTModels */ = {
			isa = PBXGroup;
			children = (
				DC0E244F2168ABD3003E799C /* CardCollectionViewCellViewModel.swift */,
			);
			path = CTModels;
			sourceTree = "<group>";
		};
		DC0E24512168AD3A003E799C /* CTMainCell */ = {
			isa = PBXGroup;
			children = (
				DC0E24522168ADBA003E799C /* CTMainCell.swift */,
			);
			path = CTMainCell;
			sourceTree = "<group>";
		};
/* End PBXGroup section */

/* Begin PBXNativeTarget section */
		DC0E240621689DD8003E799C /* CardTransition */ = {
			isa = PBXNativeTarget;
			buildConfigurationList = DC0E242F21689DD8003E799C /* Build configuration list for PBXNativeTarget "CardTransition" */;
			buildPhases = (
				DC0E240321689DD8003E799C /* Sources */,
				DC0E240421689DD8003E799C /* Frameworks */,
				DC0E240521689DD8003E799C /* Resources */,
			);
			buildRules = (
			);
			dependencies = (
			);
			name = CardTransition;
			productName = CardTransition;
			productReference = DC0E240721689DD8003E799C /* CardTransition.app */;
			productType = "com.apple.product-type.application";
		};
		DC0E241A21689DD8003E799C /* CardTransitionTests */ = {
			isa = PBXNativeTarget;
			buildConfigurationList = DC0E243221689DD8003E799C /* Build configuration list for PBXNativeTarget "CardTransitionTests" */;
			buildPhases = (
				DC0E241721689DD8003E799C /* Sources */,
				DC0E241821689DD8003E799C /* Frameworks */,
				DC0E241921689DD8003E799C /* Resources */,
			);
			buildRules = (
			);
			dependencies = (
				DC0E241D21689DD8003E799C /* PBXTargetDependency */,
			);
			name = CardTransitionTests;
			productName = CardTransitionTests;
			productReference = DC0E241B21689DD8003E799C /* CardTransitionTests.xctest */;
			productType = "com.apple.product-type.bundle.unit-test";
		};
		DC0E242521689DD8003E799C /* CardTransitionUITests */ = {
			isa = PBXNativeTarget;
			buildConfigurationList = DC0E243521689DD8003E799C /* Build configuration list for PBXNativeTarget "CardTransitionUITests" */;
			buildPhases = (
				DC0E242221689DD8003E799C /* Sources */,
				DC0E242321689DD8003E799C /* Frameworks */,
				DC0E242421689DD8003E799C /* Resources */,
			);
			buildRules = (
			);
			dependencies = (
				DC0E242821689DD8003E799C /* PBXTargetDependency */,
			);
			name = CardTransitionUITests;
			productName = CardTransitionUITests;
			productReference = DC0E242621689DD8003E799C /* CardTransitionUITests.xctest */;
			productType = "com.apple.product-type.bundle.ui-testing";
		};
/* End PBXNativeTarget section */

/* Begin PBXProject section */
		DC0E23FF21689DD8003E799C /* Project object */ = {
			isa = PBXProject;
			attributes = {
				LastSwiftUpdateCheck = 0920;
				LastUpgradeCheck = 0920;
				ORGANIZATIONNAME = "Alberto Josue Gonzalez Juarez";
				TargetAttributes = {
					DC0E240621689DD8003E799C = {
						CreatedOnToolsVersion = 9.2;
						ProvisioningStyle = Automatic;
					};
					DC0E241A21689DD8003E799C = {
						CreatedOnToolsVersion = 9.2;
						ProvisioningStyle = Automatic;
						TestTargetID = DC0E240621689DD8003E799C;
					};
					DC0E242521689DD8003E799C = {
						CreatedOnToolsVersion = 9.2;
						ProvisioningStyle = Automatic;
						TestTargetID = DC0E240621689DD8003E799C;
					};
				};
			};
			buildConfigurationList = DC0E240221689DD8003E799C /* Build configuration list for PBXProject "CardTransition" */;
			compatibilityVersion = "Xcode 8.0";
			developmentRegion = en;
			hasScannedForEncodings = 0;
			knownRegions = (
				en,
				Base,
			);
			mainGroup = DC0E23FE21689DD8003E799C;
			productRefGroup = DC0E240821689DD8003E799C /* Products */;
			projectDirPath = "";
			projectRoot = "";
			targets = (
				DC0E240621689DD8003E799C /* CardTransition */,
				DC0E241A21689DD8003E799C /* CardTransitionTests */,
				DC0E242521689DD8003E799C /* CardTransitionUITests */,
			);
		};
/* End PBXProject section */

/* Begin PBXResourcesBuildPhase section */
		DC0E240521689DD8003E799C /* Resources */ = {
			isa = PBXResourcesBuildPhase;
			buildActionMask = 2147483647;
			files = (
				DC0E24472168AA2D003E799C /* CardContentView.xib in Resources */,
				DC0E241521689DD8003E799C /* LaunchScreen.storyboard in Resources */,
				DC0E24552168BA09003E799C /* monument-valley.png in Resources */,
				DC0E241221689DD8003E799C /* Assets.xcassets in Resources */,
				DC0E241021689DD8003E799C /* Main.storyboard in Resources */,
			);
			runOnlyForDeploymentPostprocessing = 0;
		};
		DC0E241921689DD8003E799C /* Resources */ = {
			isa = PBXResourcesBuildPhase;
			buildActionMask = 2147483647;
			files = (
			);
			runOnlyForDeploymentPostprocessing = 0;
		};
		DC0E242421689DD8003E799C /* Resources */ = {
			isa = PBXResourcesBuildPhase;
			buildActionMask = 2147483647;
			files = (
			);
			runOnlyForDeploymentPostprocessing = 0;
		};
/* End PBXResourcesBuildPhase section */

/* Begin PBXSourcesBuildPhase section */
		DC0E240321689DD8003E799C /* Sources */ = {
			isa = PBXSourcesBuildPhase;
			buildActionMask = 2147483647;
			files = (
				DC0E24422168A4D0003E799C /* Extensions.swift in Sources */,
				DC0E24532168ADBA003E799C /* CTMainCell.swift in Sources */,
				DC0E24402168A4C8003E799C /* CardToDetailTransitionManager.swift in Sources */,
				DC0E24502168ABD3003E799C /* CardCollectionViewCellViewModel.swift in Sources */,
				DC0E240D21689DD8003E799C /* ViewController.swift in Sources */,
				DC0E243F2168A4C8003E799C /* AnimatableStatusBarViewController.swift in Sources */,
				DC0E244B2168AB10003E799C /* CTDetailItemVC.swift in Sources */,
				DC0E24462168AA2D003E799C /* CardContentView.swift in Sources */,
				DC0E244D2168AB1C003E799C /* CTMainVC.swift in Sources */,
				DC0E240B21689DD8003E799C /* AppDelegate.swift in Sources */,
			);
			runOnlyForDeploymentPostprocessing = 0;
		};
		DC0E241721689DD8003E799C /* Sources */ = {
			isa = PBXSourcesBuildPhase;
			buildActionMask = 2147483647;
			files = (
				DC0E242021689DD8003E799C /* CardTransitionTests.swift in Sources */,
			);
			runOnlyForDeploymentPostprocessing = 0;
		};
		DC0E242221689DD8003E799C /* Sources */ = {
			isa = PBXSourcesBuildPhase;
			buildActionMask = 2147483647;
			files = (
				DC0E242B21689DD8003E799C /* CardTransitionUITests.swift in Sources */,
			);
			runOnlyForDeploymentPostprocessing = 0;
		};
/* End PBXSourcesBuildPhase section */

/* Begin PBXTargetDependency section */
		DC0E241D21689DD8003E799C /* PBXTargetDependency */ = {
			isa = PBXTargetDependency;
			target = DC0E240621689DD8003E799C /* CardTransition */;
			targetProxy = DC0E241C21689DD8003E799C /* PBXContainerItemProxy */;
		};
		DC0E242821689DD8003E799C /* PBXTargetDependency */ = {
			isa = PBXTargetDependency;
			target = DC0E240621689DD8003E799C /* CardTransition */;
			targetProxy = DC0E242721689DD8003E799C /* PBXContainerItemProxy */;
		};
/* End PBXTargetDependency section */

/* Begin PBXVariantGroup section */
		DC0E240E21689DD8003E799C /* Main.storyboard */ = {
			isa = PBXVariantGroup;
			children = (
				DC0E240F21689DD8003E799C /* Base */,
			);
			name = Main.storyboard;
			sourceTree = "<group>";
		};
		DC0E241321689DD8003E799C /* LaunchScreen.storyboard */ = {
			isa = PBXVariantGroup;
			children = (
				DC0E241421689DD8003E799C /* Base */,
			);
			name = LaunchScreen.storyboard;
			sourceTree = "<group>";
		};
/* End PBXVariantGroup section */

/* Begin XCBuildConfiguration section */
		DC0E242D21689DD8003E799C /* Debug */ = {
			isa = XCBuildConfiguration;
			buildSettings = {
				ALWAYS_SEARCH_USER_PATHS = NO;
				CLANG_ANALYZER_NONNULL = YES;
				CLANG_ANALYZER_NUMBER_OBJECT_CONVERSION = YES_AGGRESSIVE;
				CLANG_CXX_LANGUAGE_STANDARD = "gnu++14";
				CLANG_CXX_LIBRARY = "libc++";
				CLANG_ENABLE_MODULES = YES;
				CLANG_ENABLE_OBJC_ARC = YES;
				CLANG_WARN_BLOCK_CAPTURE_AUTORELEASING = YES;
				CLANG_WARN_BOOL_CONVERSION = YES;
				CLANG_WARN_COMMA = YES;
				CLANG_WARN_CONSTANT_CONVERSION = YES;
				CLANG_WARN_DIRECT_OBJC_ISA_USAGE = YES_ERROR;
				CLANG_WARN_DOCUMENTATION_COMMENTS = YES;
				CLANG_WARN_EMPTY_BODY = YES;
				CLANG_WARN_ENUM_CONVERSION = YES;
				CLANG_WARN_INFINITE_RECURSION = YES;
				CLANG_WARN_INT_CONVERSION = YES;
				CLANG_WARN_NON_LITERAL_NULL_CONVERSION = YES;
				CLANG_WARN_OBJC_LITERAL_CONVERSION = YES;
				CLANG_WARN_OBJC_ROOT_CLASS = YES_ERROR;
				CLANG_WARN_RANGE_LOOP_ANALYSIS = YES;
				CLANG_WARN_STRICT_PROTOTYPES = YES;
				CLANG_WARN_SUSPICIOUS_MOVE = YES;
				CLANG_WARN_UNGUARDED_AVAILABILITY = YES_AGGRESSIVE;
				CLANG_WARN_UNREACHABLE_CODE = YES;
				CLANG_WARN__DUPLICATE_METHOD_MATCH = YES;
				CODE_SIGN_IDENTITY = "iPhone Developer";
				COPY_PHASE_STRIP = NO;
				DEBUG_INFORMATION_FORMAT = dwarf;
				ENABLE_STRICT_OBJC_MSGSEND = YES;
				ENABLE_TESTABILITY = YES;
				GCC_C_LANGUAGE_STANDARD = gnu11;
				GCC_DYNAMIC_NO_PIC = NO;
				GCC_NO_COMMON_BLOCKS = YES;
				GCC_OPTIMIZATION_LEVEL = 0;
				GCC_PREPROCESSOR_DEFINITIONS = (
					"DEBUG=1",
					"$(inherited)",
				);
				GCC_WARN_64_TO_32_BIT_CONVERSION = YES;
				GCC_WARN_ABOUT_RETURN_TYPE = YES_ERROR;
				GCC_WARN_UNDECLARED_SELECTOR = YES;
				GCC_WARN_UNINITIALIZED_AUTOS = YES_AGGRESSIVE;
				GCC_WARN_UNUSED_FUNCTION = YES;
				GCC_WARN_UNUSED_VARIABLE = YES;
				IPHONEOS_DEPLOYMENT_TARGET = 11.2;
				MTL_ENABLE_DEBUG_INFO = YES;
				ONLY_ACTIVE_ARCH = YES;
				SDKROOT = iphoneos;
				SWIFT_ACTIVE_COMPILATION_CONDITIONS = DEBUG;
				SWIFT_OPTIMIZATION_LEVEL = "-Onone";
			};
			name = Debug;
		};
		DC0E242E21689DD8003E799C /* Release */ = {
			isa = XCBuildConfiguration;
			buildSettings = {
				ALWAYS_SEARCH_USER_PATHS = NO;
				CLANG_ANALYZER_NONNULL = YES;
				CLANG_ANALYZER_NUMBER_OBJECT_CONVERSION = YES_AGGRESSIVE;
				CLANG_CXX_LANGUAGE_STANDARD = "gnu++14";
				CLANG_CXX_LIBRARY = "libc++";
				CLANG_ENABLE_MODULES = YES;
				CLANG_ENABLE_OBJC_ARC = YES;
				CLANG_WARN_BLOCK_CAPTURE_AUTORELEASING = YES;
				CLANG_WARN_BOOL_CONVERSION = YES;
				CLANG_WARN_COMMA = YES;
				CLANG_WARN_CONSTANT_CONVERSION = YES;
				CLANG_WARN_DIRECT_OBJC_ISA_USAGE = YES_ERROR;
				CLANG_WARN_DOCUMENTATION_COMMENTS = YES;
				CLANG_WARN_EMPTY_BODY = YES;
				CLANG_WARN_ENUM_CONVERSION = YES;
				CLANG_WARN_INFINITE_RECURSION = YES;
				CLANG_WARN_INT_CONVERSION = YES;
				CLANG_WARN_NON_LITERAL_NULL_CONVERSION = YES;
				CLANG_WARN_OBJC_LITERAL_CONVERSION = YES;
				CLANG_WARN_OBJC_ROOT_CLASS = YES_ERROR;
				CLANG_WARN_RANGE_LOOP_ANALYSIS = YES;
				CLANG_WARN_STRICT_PROTOTYPES = YES;
				CLANG_WARN_SUSPICIOUS_MOVE = YES;
				CLANG_WARN_UNGUARDED_AVAILABILITY = YES_AGGRESSIVE;
				CLANG_WARN_UNREACHABLE_CODE = YES;
				CLANG_WARN__DUPLICATE_METHOD_MATCH = YES;
				CODE_SIGN_IDENTITY = "iPhone Developer";
				COPY_PHASE_STRIP = NO;
				DEBUG_INFORMATION_FORMAT = "dwarf-with-dsym";
				ENABLE_NS_ASSERTIONS = NO;
				ENABLE_STRICT_OBJC_MSGSEND = YES;
				GCC_C_LANGUAGE_STANDARD = gnu11;
				GCC_NO_COMMON_BLOCKS = YES;
				GCC_WARN_64_TO_32_BIT_CONVERSION = YES;
				GCC_WARN_ABOUT_RETURN_TYPE = YES_ERROR;
				GCC_WARN_UNDECLARED_SELECTOR = YES;
				GCC_WARN_UNINITIALIZED_AUTOS = YES_AGGRESSIVE;
				GCC_WARN_UNUSED_FUNCTION = YES;
				GCC_WARN_UNUSED_VARIABLE = YES;
				IPHONEOS_DEPLOYMENT_TARGET = 11.2;
				MTL_ENABLE_DEBUG_INFO = NO;
				SDKROOT = iphoneos;
				SWIFT_OPTIMIZATION_LEVEL = "-Owholemodule";
				VALIDATE_PRODUCT = YES;
			};
			name = Release;
		};
		DC0E243021689DD8003E799C /* Debug */ = {
			isa = XCBuildConfiguration;
			buildSettings = {
				ASSETCATALOG_COMPILER_APPICON_NAME = AppIcon;
				CODE_SIGN_STYLE = Automatic;
				DEVELOPMENT_TEAM = P6V6SK9E9Q;
				INFOPLIST_FILE = CardTransition/Info.plist;
				LD_RUNPATH_SEARCH_PATHS = "$(inherited) @executable_path/Frameworks";
				PRODUCT_BUNDLE_IDENTIFIER = com.KrakenBuild.CardTransition;
				PRODUCT_NAME = "$(TARGET_NAME)";
				SWIFT_VERSION = 4.0;
				TARGETED_DEVICE_FAMILY = "1,2";
			};
			name = Debug;
		};
		DC0E243121689DD8003E799C /* Release */ = {
			isa = XCBuildConfiguration;
			buildSettings = {
				ASSETCATALOG_COMPILER_APPICON_NAME = AppIcon;
				CODE_SIGN_STYLE = Automatic;
				DEVELOPMENT_TEAM = P6V6SK9E9Q;
				INFOPLIST_FILE = CardTransition/Info.plist;
				LD_RUNPATH_SEARCH_PATHS = "$(inherited) @executable_path/Frameworks";
				PRODUCT_BUNDLE_IDENTIFIER = com.KrakenBuild.CardTransition;
				PRODUCT_NAME = "$(TARGET_NAME)";
				SWIFT_VERSION = 4.0;
				TARGETED_DEVICE_FAMILY = "1,2";
			};
			name = Release;
		};
		DC0E243321689DD8003E799C /* Debug */ = {
			isa = XCBuildConfiguration;
			buildSettings = {
				ALWAYS_EMBED_SWIFT_STANDARD_LIBRARIES = YES;
				BUNDLE_LOADER = "$(TEST_HOST)";
				CODE_SIGN_STYLE = Automatic;
				DEVELOPMENT_TEAM = P6V6SK9E9Q;
				INFOPLIST_FILE = CardTransitionTests/Info.plist;
				LD_RUNPATH_SEARCH_PATHS = "$(inherited) @executable_path/Frameworks @loader_path/Frameworks";
				PRODUCT_BUNDLE_IDENTIFIER = com.KrakenBuild.CardTransitionTests;
				PRODUCT_NAME = "$(TARGET_NAME)";
				SWIFT_VERSION = 4.0;
				TARGETED_DEVICE_FAMILY = "1,2";
				TEST_HOST = "$(BUILT_PRODUCTS_DIR)/CardTransition.app/CardTransition";
			};
			name = Debug;
		};
		DC0E243421689DD8003E799C /* Release */ = {
			isa = XCBuildConfiguration;
			buildSettings = {
				ALWAYS_EMBED_SWIFT_STANDARD_LIBRARIES = YES;
				BUNDLE_LOADER = "$(TEST_HOST)";
				CODE_SIGN_STYLE = Automatic;
				DEVELOPMENT_TEAM = P6V6SK9E9Q;
				INFOPLIST_FILE = CardTransitionTests/Info.plist;
				LD_RUNPATH_SEARCH_PATHS = "$(inherited) @executable_path/Frameworks @loader_path/Frameworks";
				PRODUCT_BUNDLE_IDENTIFIER = com.KrakenBuild.CardTransitionTests;
				PRODUCT_NAME = "$(TARGET_NAME)";
				SWIFT_VERSION = 4.0;
				TARGETED_DEVICE_FAMILY = "1,2";
				TEST_HOST = "$(BUILT_PRODUCTS_DIR)/CardTransition.app/CardTransition";
			};
			name = Release;
		};
		DC0E243621689DD8003E799C /* Debug */ = {
			isa = XCBuildConfiguration;
			buildSettings = {
				ALWAYS_EMBED_SWIFT_STANDARD_LIBRARIES = YES;
				CODE_SIGN_STYLE = Automatic;
				DEVELOPMENT_TEAM = P6V6SK9E9Q;
				INFOPLIST_FILE = CardTransitionUITests/Info.plist;
				LD_RUNPATH_SEARCH_PATHS = "$(inherited) @executable_path/Frameworks @loader_path/Frameworks";
				PRODUCT_BUNDLE_IDENTIFIER = com.KrakenBuild.CardTransitionUITests;
				PRODUCT_NAME = "$(TARGET_NAME)";
				SWIFT_VERSION = 4.0;
				TARGETED_DEVICE_FAMILY = "1,2";
				TEST_TARGET_NAME = CardTransition;
			};
			name = Debug;
		};
		DC0E243721689DD8003E799C /* Release */ = {
			isa = XCBuildConfiguration;
			buildSettings = {
				ALWAYS_EMBED_SWIFT_STANDARD_LIBRARIES = YES;
				CODE_SIGN_STYLE = Automatic;
				DEVELOPMENT_TEAM = P6V6SK9E9Q;
				INFOPLIST_FILE = CardTransitionUITests/Info.plist;
				LD_RUNPATH_SEARCH_PATHS = "$(inherited) @executable_path/Frameworks @loader_path/Frameworks";
				PRODUCT_BUNDLE_IDENTIFIER = com.KrakenBuild.CardTransitionUITests;
				PRODUCT_NAME = "$(TARGET_NAME)";
				SWIFT_VERSION = 4.0;
				TARGETED_DEVICE_FAMILY = "1,2";
				TEST_TARGET_NAME = CardTransition;
			};
			name = Release;
		};
/* End XCBuildConfiguration section */

/* Begin XCConfigurationList section */
		DC0E240221689DD8003E799C /* Build configuration list for PBXProject "CardTransition" */ = {
			isa = XCConfigurationList;
			buildConfigurations = (
				DC0E242D21689DD8003E799C /* Debug */,
				DC0E242E21689DD8003E799C /* Release */,
			);
			defaultConfigurationIsVisible = 0;
			defaultConfigurationName = Release;
		};
		DC0E242F21689DD8003E799C /* Build configuration list for PBXNativeTarget "CardTransition" */ = {
			isa = XCConfigurationList;
			buildConfigurations = (
				DC0E243021689DD8003E799C /* Debug */,
				DC0E243121689DD8003E799C /* Release */,
			);
			defaultConfigurationIsVisible = 0;
			defaultConfigurationName = Release;
		};
		DC0E243221689DD8003E799C /* Build configuration list for PBXNativeTarget "CardTransitionTests" */ = {
			isa = XCConfigurationList;
			buildConfigurations = (
				DC0E243321689DD8003E799C /* Debug */,
				DC0E243421689DD8003E799C /* Release */,
			);
			defaultConfigurationIsVisible = 0;
			defaultConfigurationName = Release;
		};
		DC0E243521689DD8003E799C /* Build configuration list for PBXNativeTarget "CardTransitionUITests" */ = {
			isa = XCConfigurationList;
			buildConfigurations = (
				DC0E243621689DD8003E799C /* Debug */,
				DC0E243721689DD8003E799C /* Release */,
			);
			defaultConfigurationIsVisible = 0;
			defaultConfigurationName = Release;
		};
/* End XCConfigurationList section */
	};
	rootObject = DC0E23FF21689DD8003E799C /* Project object */;
}
